
Microsoft Visual Studio Solution File, Format Version 12.00
# Visual Studio Version 17
VisualStudioVersion = 17.7.34003.232
MinimumVisualStudioVersion = 10.0.40219.1
Project("{FAE04EC0-301F-11D3-BF4B-00C04F79EFBC}") = "CaseWork.WebApi", "CaseWork\CaseWork.WebApi.csproj", "{9C23FB14-C1C6-442C-98DD-39C169B7B6EC}"
EndProject
Project("{FAE04EC0-301F-11D3-BF4B-00C04F79EFBC}") = "CaseWork.Data", "CaseWork.Data\CaseWork.Data.csproj", "{75121E1F-A728-4D09-A57E-860C762861B3}"
EndProject
Project("{FAE04EC0-301F-11D3-BF4B-00C04F79EFBC}") = "CaseWork.Business", "CaseWork.Business\CaseWork.Business.csproj", "{DAC5B090-C5D1-410B-A96B-0B6BAFB9252D}"
EndProject
Project("{FAE04EC0-301F-11D3-BF4B-00C04F79EFBC}") = "CaseWork.DataAcces", "CaseWork.DataAcces\CaseWork.DataAcces.csproj", "{CAF59201-753A-4787-ADBE-EEB2083F3D56}"
EndProject
Project("{2150E333-8FDC-42A3-9474-1A3956D46DE8}") = "Solution Items", "Solution Items", "{57142AF2-4F9A-4CA4-92F0-1858610E6E3F}"
	ProjectSection(SolutionItems) = preProject
		.editorconfig = .editorconfig
	EndProjectSection
EndProject
Project("{FAE04EC0-301F-11D3-BF4B-00C04F79EFBC}") = "CaseWork.Abstractions", "CaseWork.Abstractions\CaseWork.Abstractions.csproj", "{8889DAF0-CABC-4838-8B50-8E8496F2E4C4}"
EndProject
Global
	GlobalSection(SolutionConfigurationPlatforms) = preSolution
		Debug|Any CPU = Debug|Any CPU
		Release|Any CPU = Release|Any CPU
	EndGlobalSection
	GlobalSection(ProjectConfigurationPlatforms) = postSolution
		{9C23FB14-C1C6-442C-98DD-39C169B7B6EC}.Debug|Any CPU.ActiveCfg = Debug|Any CPU
		{9C23FB14-C1C6-442C-98DD-39C169B7B6EC}.Debug|Any CPU.Build.0 = Debug|Any CPU
		{9C23FB14-C1C6-442C-98DD-39C169B7B6EC}.Release|Any CPU.ActiveCfg = Release|Any CPU
		{9C23FB14-C1C6-442C-98DD-39C169B7B6EC}.Release|Any CPU.Build.0 = Release|Any CPU
		{75121E1F-A728-4D09-A57E-860C762861B3}.Debug|Any CPU.ActiveCfg = Debug|Any CPU
		{75121E1F-A728-4D09-A57E-860C762861B3}.Debug|Any CPU.Build.0 = Debug|Any CPU
		{75121E1F-A728-4D09-A57E-860C762861B3}.Release|Any CPU.ActiveCfg = Release|Any CPU
		{75121E1F-A728-4D09-A57E-860C762861B3}.Release|Any CPU.Build.0 = Release|Any CPU
		{DAC5B090-C5D1-410B-A96B-0B6BAFB9252D}.Debug|Any CPU.ActiveCfg = Debug|Any CPU
		{DAC5B090-C5D1-410B-A96B-0B6BAFB9252D}.Debug|Any CPU.Build.0 = Debug|Any CPU
		{DAC5B090-C5D1-410B-A96B-0B6BAFB9252D}.Release|Any CPU.ActiveCfg = Release|Any CPU
		{DAC5B090-C5D1-410B-A96B-0B6BAFB9252D}.Release|Any CPU.Build.0 = Release|Any CPU
		{CAF59201-753A-4787-ADBE-EEB2083F3D56}.Debug|Any CPU.ActiveCfg = Debug|Any CPU
		{CAF59201-753A-4787-ADBE-EEB2083F3D56}.Debug|Any CPU.Build.0 = Debug|Any CPU
		{CAF59201-753A-4787-ADBE-EEB2083F3D56}.Release|Any CPU.ActiveCfg = Release|Any CPU
		{CAF59201-753A-4787-ADBE-EEB2083F3D56}.Release|Any CPU.Build.0 = Release|Any CPU
		{8889DAF0-CABC-4838-8B50-8E8496F2E4C4}.Debug|Any CPU.ActiveCfg = Debug|Any CPU
		{8889DAF0-CABC-4838-8B50-8E8496F2E4C4}.Debug|Any CPU.Build.0 = Debug|Any CPU
		{8889DAF0-CABC-4838-8B50-8E8496F2E4C4}.Release|Any CPU.ActiveCfg = Release|Any CPU
		{8889DAF0-CABC-4838-8B50-8E8496F2E4C4}.Release|Any CPU.Build.0 = Release|Any CPU
	EndGlobalSection
	GlobalSection(SolutionProperties) = preSolution
		HideSolutionNode = FALSE
	EndGlobalSection
	GlobalSection(ExtensibilityGlobals) = postSolution
		SolutionGuid = {34E4961E-8C65-48B8-BCA0-9549623A28CD}
	EndGlobalSection
EndGlobal
